{
  "_meta": {
    "hash": {
      "sha256": "ae71298719d5c2324ecc687b37a407d5929cd0ce99d70e66352d3dfa737c4142"
    },
    "pipfile-spec": 6,
    "requires": {
      "python_version": "3.8"
    },
    "sources": [
      {
        "name": "pypi",
        "url": "https://pypi.org/simple",
        "verify_ssl": true
      }
    ]
  },
  "default": {
    "python-decouple": {
      "hashes": [
        "sha256:55c546b85b0c47a15a47a4312d451a437f7344a9be3e001660bccd93b637de95"
      ],
      "index": "pypi",
      "version": "==3.3"
    }
  },
  "develop": {}
}
